
Microsoft Visual Studio Solution File, Format Version 12.00
# Visual Studio Version 17
VisualStudioVersion = 17.1.32120.378
MinimumVisualStudioVersion = 10.0.40219.1
Project("{2150E333-8FDC-42A3-9474-1A3956D46DE8}") = "FrontEnd", "FrontEnd", "{EA6C228C-CC87-4296-8992-216775BC7E34}"
EndProject
Project("{9A19103F-16F7-4668-BE54-9A1E7A4F7556}") = "Manager.Web", "Manager.Web\Manager.Web.csproj", "{10FB59E5-9B12-488F-B6E6-98541D6C0852}"
EndProject
Project("{2150E333-8FDC-42A3-9474-1A3956D46DE8}") = "Services", "Services", "{87564F56-BFAA-4684-BDC4-956D3B96367F}"
EndProject
Project("{9A19103F-16F7-4668-BE54-9A1E7A4F7556}") = "Manager.Services.ProductAPI", "Manager.Services.ProductAPI\Manager.Services.ProductAPI.csproj", "{24D5A59A-312C-4E37-9E15-1A8030B8CD70}"
EndProject
Project("{9A19103F-16F7-4668-BE54-9A1E7A4F7556}") = "Manager.Services.Identity", "Manager.Services.Identity\Manager.Services.Identity.csproj", "{AEF787B6-010E-4A99-8B6B-590E5D49BC16}"
EndProject
Project("{9A19103F-16F7-4668-BE54-9A1E7A4F7556}") = "Manager.Services.ShoppingCartAPI", "Manager.Services.ShoppingCartAPI\Manager.Services.ShoppingCartAPI.csproj", "{B0649542-377A-496F-95D2-F3D6CF4D8020}"
EndProject
Project("{9A19103F-16F7-4668-BE54-9A1E7A4F7556}") = "Manager.Services.CouponAPI", "Manager.Services.CouponAPI\Manager.Services.CouponAPI.csproj", "{BCF6D4D2-146B-40BF-B02A-4420B78D8E8C}"
EndProject
Project("{2150E333-8FDC-42A3-9474-1A3956D46DE8}") = "Integration", "Integration", "{7690D120-D0A1-4EFF-96F8-C09CF1805714}"
EndProject
Project("{9A19103F-16F7-4668-BE54-9A1E7A4F7556}") = "Manager.MessageBus", "Manager.MessageBus\Manager.MessageBus.csproj", "{4A9DD239-BA86-4DDA-B07E-21C2F96A7476}"
EndProject
Project("{9A19103F-16F7-4668-BE54-9A1E7A4F7556}") = "Manager.Services.OrderAPI", "Manager.Services.OrderAPI\Manager.Services.OrderAPI.csproj", "{D70C7F49-D204-46A4-8352-692539D6426D}"
EndProject
Project("{2150E333-8FDC-42A3-9474-1A3956D46DE8}") = "Payments", "Payments", "{5CF4593F-BF3A-4536-A0A1-850C615E5B6C}"
EndProject
Project("{9A19103F-16F7-4668-BE54-9A1E7A4F7556}") = "PaymentProcessor", "PaymentProcessor\PaymentProcessor.csproj", "{31A6ED46-4B85-46A6-980B-30F0DDFB756B}"
EndProject
Project("{FAE04EC0-301F-11D3-BF4B-00C04F79EFBC}") = "Manager.Services.PaymentAPI", "Manager.Services.PaymentAPI\Manager.Services.PaymentAPI.csproj", "{4EA759A8-9083-495D-9510-6DAD4CC267A1}"
EndProject
Project("{FAE04EC0-301F-11D3-BF4B-00C04F79EFBC}") = "Manager.Services.Email", "Manager.Services.Email\Manager.Services.Email.csproj", "{81B765FA-80CD-4155-BE1E-85891BF5BCFF}"
EndProject
Project("{2150E333-8FDC-42A3-9474-1A3956D46DE8}") = "Gateway", "Gateway", "{0B414797-B752-44C9-8F0E-F201BDE7A32A}"
EndProject
Project("{FAE04EC0-301F-11D3-BF4B-00C04F79EFBC}") = "Manager.GatewaySolution", "Manager.GatewaySolution\Manager.GatewaySolution.csproj", "{63586ED2-AF12-4A24-9D38-4BC3A160E729}"
EndProject
Global
	GlobalSection(SolutionConfigurationPlatforms) = preSolution
		Debug|Any CPU = Debug|Any CPU
		Release|Any CPU = Release|Any CPU
	EndGlobalSection
	GlobalSection(ProjectConfigurationPlatforms) = postSolution
		{10FB59E5-9B12-488F-B6E6-98541D6C0852}.Debug|Any CPU.ActiveCfg = Debug|Any CPU
		{10FB59E5-9B12-488F-B6E6-98541D6C0852}.Debug|Any CPU.Build.0 = Debug|Any CPU
		{10FB59E5-9B12-488F-B6E6-98541D6C0852}.Release|Any CPU.ActiveCfg = Release|Any CPU
		{10FB59E5-9B12-488F-B6E6-98541D6C0852}.Release|Any CPU.Build.0 = Release|Any CPU
		{24D5A59A-312C-4E37-9E15-1A8030B8CD70}.Debug|Any CPU.ActiveCfg = Debug|Any CPU
		{24D5A59A-312C-4E37-9E15-1A8030B8CD70}.Debug|Any CPU.Build.0 = Debug|Any CPU
		{24D5A59A-312C-4E37-9E15-1A8030B8CD70}.Release|Any CPU.ActiveCfg = Release|Any CPU
		{24D5A59A-312C-4E37-9E15-1A8030B8CD70}.Release|Any CPU.Build.0 = Release|Any CPU
		{AEF787B6-010E-4A99-8B6B-590E5D49BC16}.Debug|Any CPU.ActiveCfg = Debug|Any CPU
		{AEF787B6-010E-4A99-8B6B-590E5D49BC16}.Debug|Any CPU.Build.0 = Debug|Any CPU
		{AEF787B6-010E-4A99-8B6B-590E5D49BC16}.Release|Any CPU.ActiveCfg = Release|Any CPU
		{AEF787B6-010E-4A99-8B6B-590E5D49BC16}.Release|Any CPU.Build.0 = Release|Any CPU
		{B0649542-377A-496F-95D2-F3D6CF4D8020}.Debug|Any CPU.ActiveCfg = Debug|Any CPU
		{B0649542-377A-496F-95D2-F3D6CF4D8020}.Debug|Any CPU.Build.0 = Debug|Any CPU
		{B0649542-377A-496F-95D2-F3D6CF4D8020}.Release|Any CPU.ActiveCfg = Release|Any CPU
		{B0649542-377A-496F-95D2-F3D6CF4D8020}.Release|Any CPU.Build.0 = Release|Any CPU
		{BCF6D4D2-146B-40BF-B02A-4420B78D8E8C}.Debug|Any CPU.ActiveCfg = Debug|Any CPU
		{BCF6D4D2-146B-40BF-B02A-4420B78D8E8C}.Debug|Any CPU.Build.0 = Debug|Any CPU
		{BCF6D4D2-146B-40BF-B02A-4420B78D8E8C}.Release|Any CPU.ActiveCfg = Release|Any CPU
		{BCF6D4D2-146B-40BF-B02A-4420B78D8E8C}.Release|Any CPU.Build.0 = Release|Any CPU
		{4A9DD239-BA86-4DDA-B07E-21C2F96A7476}.Debug|Any CPU.ActiveCfg = Debug|Any CPU
		{4A9DD239-BA86-4DDA-B07E-21C2F96A7476}.Debug|Any CPU.Build.0 = Debug|Any CPU
		{4A9DD239-BA86-4DDA-B07E-21C2F96A7476}.Release|Any CPU.ActiveCfg = Release|Any CPU
		{4A9DD239-BA86-4DDA-B07E-21C2F96A7476}.Release|Any CPU.Build.0 = Release|Any CPU
		{D70C7F49-D204-46A4-8352-692539D6426D}.Debug|Any CPU.ActiveCfg = Debug|Any CPU
		{D70C7F49-D204-46A4-8352-692539D6426D}.Debug|Any CPU.Build.0 = Debug|Any CPU
		{D70C7F49-D204-46A4-8352-692539D6426D}.Release|Any CPU.ActiveCfg = Release|Any CPU
		{D70C7F49-D204-46A4-8352-692539D6426D}.Release|Any CPU.Build.0 = Release|Any CPU
		{31A6ED46-4B85-46A6-980B-30F0DDFB756B}.Debug|Any CPU.ActiveCfg = Debug|Any CPU
		{31A6ED46-4B85-46A6-980B-30F0DDFB756B}.Debug|Any CPU.Build.0 = Debug|Any CPU
		{31A6ED46-4B85-46A6-980B-30F0DDFB756B}.Release|Any CPU.ActiveCfg = Release|Any CPU
		{31A6ED46-4B85-46A6-980B-30F0DDFB756B}.Release|Any CPU.Build.0 = Release|Any CPU
		{4EA759A8-9083-495D-9510-6DAD4CC267A1}.Debug|Any CPU.ActiveCfg = Debug|Any CPU
		{4EA759A8-9083-495D-9510-6DAD4CC267A1}.Debug|Any CPU.Build.0 = Debug|Any CPU
		{4EA759A8-9083-495D-9510-6DAD4CC267A1}.Release|Any CPU.ActiveCfg = Release|Any CPU
		{4EA759A8-9083-495D-9510-6DAD4CC267A1}.Release|Any CPU.Build.0 = Release|Any CPU
		{81B765FA-80CD-4155-BE1E-85891BF5BCFF}.Debug|Any CPU.ActiveCfg = Debug|Any CPU
		{81B765FA-80CD-4155-BE1E-85891BF5BCFF}.Debug|Any CPU.Build.0 = Debug|Any CPU
		{81B765FA-80CD-4155-BE1E-85891BF5BCFF}.Release|Any CPU.ActiveCfg = Release|Any CPU
		{81B765FA-80CD-4155-BE1E-85891BF5BCFF}.Release|Any CPU.Build.0 = Release|Any CPU
		{63586ED2-AF12-4A24-9D38-4BC3A160E729}.Debug|Any CPU.ActiveCfg = Debug|Any CPU
		{63586ED2-AF12-4A24-9D38-4BC3A160E729}.Debug|Any CPU.Build.0 = Debug|Any CPU
		{63586ED2-AF12-4A24-9D38-4BC3A160E729}.Release|Any CPU.ActiveCfg = Release|Any CPU
		{63586ED2-AF12-4A24-9D38-4BC3A160E729}.Release|Any CPU.Build.0 = Release|Any CPU
	EndGlobalSection
	GlobalSection(SolutionProperties) = preSolution
		HideSolutionNode = FALSE
	EndGlobalSection
	GlobalSection(NestedProjects) = preSolution
		{10FB59E5-9B12-488F-B6E6-98541D6C0852} = {EA6C228C-CC87-4296-8992-216775BC7E34}
		{24D5A59A-312C-4E37-9E15-1A8030B8CD70} = {87564F56-BFAA-4684-BDC4-956D3B96367F}
		{AEF787B6-010E-4A99-8B6B-590E5D49BC16} = {87564F56-BFAA-4684-BDC4-956D3B96367F}
		{B0649542-377A-496F-95D2-F3D6CF4D8020} = {87564F56-BFAA-4684-BDC4-956D3B96367F}
		{BCF6D4D2-146B-40BF-B02A-4420B78D8E8C} = {87564F56-BFAA-4684-BDC4-956D3B96367F}
		{4A9DD239-BA86-4DDA-B07E-21C2F96A7476} = {7690D120-D0A1-4EFF-96F8-C09CF1805714}
		{D70C7F49-D204-46A4-8352-692539D6426D} = {87564F56-BFAA-4684-BDC4-956D3B96367F}
		{31A6ED46-4B85-46A6-980B-30F0DDFB756B} = {5CF4593F-BF3A-4536-A0A1-850C615E5B6C}
		{4EA759A8-9083-495D-9510-6DAD4CC267A1} = {87564F56-BFAA-4684-BDC4-956D3B96367F}
		{81B765FA-80CD-4155-BE1E-85891BF5BCFF} = {87564F56-BFAA-4684-BDC4-956D3B96367F}
		{63586ED2-AF12-4A24-9D38-4BC3A160E729} = {0B414797-B752-44C9-8F0E-F201BDE7A32A}
	EndGlobalSection
	GlobalSection(ExtensibilityGlobals) = postSolution
		SolutionGuid = {BBE4B0AB-1092-4C31-84AF-6F72DF24049C}
	EndGlobalSection
EndGlobal
